
Microsoft Visual Studio Solution File, Format Version 12.00
# Visual Studio Version 17
VisualStudioVersion = 17.11.35303.130
MinimumVisualStudioVersion = 10.0.40219.1
Project("{FAE04EC0-301F-11D3-BF4B-00C04F79EFBC}") = "CafeteriaExamen", "CafeteriaExamen\CafeteriaExamen.csproj", "{A579E6FE-AA9C-4692-8C20-F6A14A756A86}"
EndProject
Global
	GlobalSection(SolutionConfigurationPlatforms) = preSolution
		Debug|Any CPU = Debug|Any CPU
		Release|Any CPU = Release|Any CPU
	EndGlobalSection
	GlobalSection(ProjectConfigurationPlatforms) = postSolution
		{A579E6FE-AA9C-4692-8C20-F6A14A756A86}.Debug|Any CPU.ActiveCfg = Debug|Any CPU
		{A579E6FE-AA9C-4692-8C20-F6A14A756A86}.Debug|Any CPU.Build.0 = Debug|Any CPU
		{A579E6FE-AA9C-4692-8C20-F6A14A756A86}.Release|Any CPU.ActiveCfg = Release|Any CPU
		{A579E6FE-AA9C-4692-8C20-F6A14A756A86}.Release|Any CPU.Build.0 = Release|Any CPU
	EndGlobalSection
	GlobalSection(SolutionProperties) = preSolution
		HideSolutionNode = FALSE
	EndGlobalSection
	GlobalSection(ExtensibilityGlobals) = postSolution
		SolutionGuid = {243159DD-28DA-49DA-8001-639453C33883}
	EndGlobalSection
EndGlobal
